
Microsoft Visual Studio Solution File, Format Version 12.00
# Visual Studio 15
VisualStudioVersion = 15.0.27004.2002
MinimumVisualStudioVersion = 10.0.40219.1
Project("{8BC9CEB8-8B4A-11D0-8D11-00A0C91BC942}") = "Moving Circle V1", "Moving Circle V1.vcxproj", "{6BC08AF7-EA79-4E03-8133-3A861F52AE78}"
EndProject
Global
	GlobalSection(SolutionConfigurationPlatforms) = preSolution
		Debug|x64 = Debug|x64
		Debug|x86 = Debug|x86
		Release|x64 = Release|x64
		Release|x86 = Release|x86
	EndGlobalSection
	GlobalSection(ProjectConfigurationPlatforms) = postSolution
		{6BC08AF7-EA79-4E03-8133-3A861F52AE78}.Debug|x64.ActiveCfg = Debug|x64
		{6BC08AF7-EA79-4E03-8133-3A861F52AE78}.Debug|x64.Build.0 = Debug|x64
		{6BC08AF7-EA79-4E03-8133-3A861F52AE78}.Debug|x86.ActiveCfg = Debug|Win32
		{6BC08AF7-EA79-4E03-8133-3A861F52AE78}.Debug|x86.Build.0 = Debug|Win32
		{6BC08AF7-EA79-4E03-8133-3A861F52AE78}.Release|x64.ActiveCfg = Release|x64
		{6BC08AF7-EA79-4E03-8133-3A861F52AE78}.Release|x64.Build.0 = Release|x64
		{6BC08AF7-EA79-4E03-8133-3A861F52AE78}.Release|x86.ActiveCfg = Release|Win32
		{6BC08AF7-EA79-4E03-8133-3A861F52AE78}.Release|x86.Build.0 = Release|Win32
	EndGlobalSection
	GlobalSection(SolutionProperties) = preSolution
		HideSolutionNode = FALSE
	EndGlobalSection
	GlobalSection(ExtensibilityGlobals) = postSolution
		SolutionGuid = {EF5E1D75-ECF8-47D9-B4E6-727564C5A0BF}
	EndGlobalSection
EndGlobal
